
Microsoft Visual Studio Solution File, Format Version 12.00
# Visual Studio 2012
Project("{D954291E-2A0B-460D-934E-DC6B0785DB48}") = "firebase", "firebase\firebase.shproj", "{AEC95DEF-D91A-4D90-87CA-AA379875C288}"
EndProject
Project("{FAE04EC0-301F-11D3-BF4B-00C04F79EFBC}") = "firebase.iOS", "iOS\firebase.iOS.csproj", "{F4A11811-4F14-47A5-8CB0-153F0CC732BC}"
EndProject
Project("{FAE04EC0-301F-11D3-BF4B-00C04F79EFBC}") = "firebase.Droid", "Droid\firebase.Droid.csproj", "{8A371C1E-CA89-417C-81CE-F62A4735BBC3}"
EndProject
Global
	GlobalSection(SolutionConfigurationPlatforms) = preSolution
		Debug|iPhoneSimulator = Debug|iPhoneSimulator
		Release|iPhone = Release|iPhone
		Release|iPhoneSimulator = Release|iPhoneSimulator
		Debug|iPhone = Debug|iPhone
		Debug|Any CPU = Debug|Any CPU
		Release|Any CPU = Release|Any CPU
	EndGlobalSection
	GlobalSection(ProjectConfigurationPlatforms) = postSolution
		{F4A11811-4F14-47A5-8CB0-153F0CC732BC}.Debug|iPhoneSimulator.ActiveCfg = Debug|iPhoneSimulator
		{F4A11811-4F14-47A5-8CB0-153F0CC732BC}.Debug|iPhoneSimulator.Build.0 = Debug|iPhoneSimulator
		{F4A11811-4F14-47A5-8CB0-153F0CC732BC}.Release|iPhone.ActiveCfg = Release|iPhone
		{F4A11811-4F14-47A5-8CB0-153F0CC732BC}.Release|iPhone.Build.0 = Release|iPhone
		{F4A11811-4F14-47A5-8CB0-153F0CC732BC}.Release|iPhoneSimulator.ActiveCfg = Release|iPhoneSimulator
		{F4A11811-4F14-47A5-8CB0-153F0CC732BC}.Release|iPhoneSimulator.Build.0 = Release|iPhoneSimulator
		{F4A11811-4F14-47A5-8CB0-153F0CC732BC}.Debug|iPhone.ActiveCfg = Debug|iPhone
		{F4A11811-4F14-47A5-8CB0-153F0CC732BC}.Debug|iPhone.Build.0 = Debug|iPhone
		{F4A11811-4F14-47A5-8CB0-153F0CC732BC}.Debug|Any CPU.ActiveCfg = Debug|iPhoneSimulator
		{F4A11811-4F14-47A5-8CB0-153F0CC732BC}.Debug|Any CPU.Build.0 = Debug|iPhoneSimulator
		{F4A11811-4F14-47A5-8CB0-153F0CC732BC}.Release|Any CPU.ActiveCfg = Release|iPhone
		{F4A11811-4F14-47A5-8CB0-153F0CC732BC}.Release|Any CPU.Build.0 = Release|iPhone
		{8A371C1E-CA89-417C-81CE-F62A4735BBC3}.Debug|iPhoneSimulator.ActiveCfg = Debug|Any CPU
		{8A371C1E-CA89-417C-81CE-F62A4735BBC3}.Debug|iPhoneSimulator.Build.0 = Debug|Any CPU
		{8A371C1E-CA89-417C-81CE-F62A4735BBC3}.Release|iPhone.ActiveCfg = Release|Any CPU
		{8A371C1E-CA89-417C-81CE-F62A4735BBC3}.Release|iPhone.Build.0 = Release|Any CPU
		{8A371C1E-CA89-417C-81CE-F62A4735BBC3}.Release|iPhoneSimulator.ActiveCfg = Release|Any CPU
		{8A371C1E-CA89-417C-81CE-F62A4735BBC3}.Release|iPhoneSimulator.Build.0 = Release|Any CPU
		{8A371C1E-CA89-417C-81CE-F62A4735BBC3}.Debug|iPhone.ActiveCfg = Debug|Any CPU
		{8A371C1E-CA89-417C-81CE-F62A4735BBC3}.Debug|iPhone.Build.0 = Debug|Any CPU
		{8A371C1E-CA89-417C-81CE-F62A4735BBC3}.Debug|Any CPU.ActiveCfg = Debug|Any CPU
		{8A371C1E-CA89-417C-81CE-F62A4735BBC3}.Debug|Any CPU.Build.0 = Debug|Any CPU
		{8A371C1E-CA89-417C-81CE-F62A4735BBC3}.Release|Any CPU.ActiveCfg = Release|Any CPU
		{8A371C1E-CA89-417C-81CE-F62A4735BBC3}.Release|Any CPU.Build.0 = Release|Any CPU
	EndGlobalSection
EndGlobal
